
Microsoft Visual Studio Solution File, Format Version 11.00
# Visual Studio 2010
Project("{8BC9CEB8-8B4A-11D0-8D11-00A0C91BC942}") = "yalaa_lib", "trunk.vcxproj", "{B91825E8-8BC9-4427-A2C6-B582B5847F4A}"
EndProject
Project("{8BC9CEB8-8B4A-11D0-8D11-00A0C91BC942}") = "demo", "demo\demo.vcxproj", "{D5A2326F-8984-4790-A6F2-23626C876527}"
EndProject
Global
	GlobalSection(SolutionConfigurationPlatforms) = preSolution
		Debug|Win32 = Debug|Win32
		Release|Win32 = Release|Win32
	EndGlobalSection
	GlobalSection(ProjectConfigurationPlatforms) = postSolution
		{B91825E8-8BC9-4427-A2C6-B582B5847F4A}.Debug|Win32.ActiveCfg = Debug|Win32
		{B91825E8-8BC9-4427-A2C6-B582B5847F4A}.Debug|Win32.Build.0 = Debug|Win32
		{B91825E8-8BC9-4427-A2C6-B582B5847F4A}.Release|Win32.ActiveCfg = Release|Win32
		{B91825E8-8BC9-4427-A2C6-B582B5847F4A}.Release|Win32.Build.0 = Release|Win32
		{D5A2326F-8984-4790-A6F2-23626C876527}.Debug|Win32.ActiveCfg = Debug|Win32
		{D5A2326F-8984-4790-A6F2-23626C876527}.Debug|Win32.Build.0 = Debug|Win32
		{D5A2326F-8984-4790-A6F2-23626C876527}.Release|Win32.ActiveCfg = Release|Win32
		{D5A2326F-8984-4790-A6F2-23626C876527}.Release|Win32.Build.0 = Release|Win32
	EndGlobalSection
	GlobalSection(SolutionProperties) = preSolution
		HideSolutionNode = FALSE
	EndGlobalSection
EndGlobal
